
Microsoft Visual Studio Solution File, Format Version 12.00
# Visual Studio Version 17
VisualStudioVersion = 17.3.32929.385
MinimumVisualStudioVersion = 10.0.40219.1
Project("{FAE04EC0-301F-11D3-BF4B-00C04F79EFBC}") = "Test", "Test\Test.csproj", "{63DD7C39-A5AA-4385-A2B3-1E509779EABA}"
EndProject
Project("{FAE04EC0-301F-11D3-BF4B-00C04F79EFBC}") = "TestTests", "TestTests\TestTests.csproj", "{6B1ACC85-185E-40E5-BBA1-36786F1FB884}"
EndProject
Project("{FAE04EC0-301F-11D3-BF4B-00C04F79EFBC}") = "ConsoleTest", "ConsoleTest\ConsoleTest.csproj", "{C09CDACD-F859-454C-8F33-65CF1C0FCE92}"
EndProject
Global
	GlobalSection(SolutionConfigurationPlatforms) = preSolution
		Debug|Any CPU = Debug|Any CPU
		Release|Any CPU = Release|Any CPU
	EndGlobalSection
	GlobalSection(ProjectConfigurationPlatforms) = postSolution
		{63DD7C39-A5AA-4385-A2B3-1E509779EABA}.Debug|Any CPU.ActiveCfg = Debug|Any CPU
		{63DD7C39-A5AA-4385-A2B3-1E509779EABA}.Debug|Any CPU.Build.0 = Debug|Any CPU
		{63DD7C39-A5AA-4385-A2B3-1E509779EABA}.Release|Any CPU.ActiveCfg = Release|Any CPU
		{63DD7C39-A5AA-4385-A2B3-1E509779EABA}.Release|Any CPU.Build.0 = Release|Any CPU
		{6B1ACC85-185E-40E5-BBA1-36786F1FB884}.Debug|Any CPU.ActiveCfg = Debug|Any CPU
		{6B1ACC85-185E-40E5-BBA1-36786F1FB884}.Debug|Any CPU.Build.0 = Debug|Any CPU
		{6B1ACC85-185E-40E5-BBA1-36786F1FB884}.Release|Any CPU.ActiveCfg = Release|Any CPU
		{6B1ACC85-185E-40E5-BBA1-36786F1FB884}.Release|Any CPU.Build.0 = Release|Any CPU
		{C09CDACD-F859-454C-8F33-65CF1C0FCE92}.Debug|Any CPU.ActiveCfg = Debug|Any CPU
		{C09CDACD-F859-454C-8F33-65CF1C0FCE92}.Debug|Any CPU.Build.0 = Debug|Any CPU
		{C09CDACD-F859-454C-8F33-65CF1C0FCE92}.Release|Any CPU.ActiveCfg = Release|Any CPU
		{C09CDACD-F859-454C-8F33-65CF1C0FCE92}.Release|Any CPU.Build.0 = Release|Any CPU
	EndGlobalSection
	GlobalSection(SolutionProperties) = preSolution
		HideSolutionNode = FALSE
	EndGlobalSection
	GlobalSection(ExtensibilityGlobals) = postSolution
		SolutionGuid = {A7A4E888-3415-4C20-A7E6-AEEB466AE4C9}
	EndGlobalSection
EndGlobal
