
Microsoft Visual Studio Solution File, Format Version 12.00
# Visual Studio Version 17
VisualStudioVersion = 17.3.32929.385
MinimumVisualStudioVersion = 10.0.40219.1
Project("{9A19103F-16F7-4668-BE54-9A1E7A4F7556}") = "Lab4to5", "Lab4to5\Lab4to5.csproj", "{61EBA347-7B7F-4EFB-992D-85E2C987A5F7}"
EndProject
Project("{FAE04EC0-301F-11D3-BF4B-00C04F79EFBC}") = "WindowsFormsApp1", "WindowsFormsApp1\WindowsFormsApp1.csproj", "{A2D8B518-93FB-4F02-A561-80D9886E92A1}"
EndProject
Global
	GlobalSection(SolutionConfigurationPlatforms) = preSolution
		Debug|Any CPU = Debug|Any CPU
		Release|Any CPU = Release|Any CPU
	EndGlobalSection
	GlobalSection(ProjectConfigurationPlatforms) = postSolution
		{61EBA347-7B7F-4EFB-992D-85E2C987A5F7}.Debug|Any CPU.ActiveCfg = Debug|Any CPU
		{61EBA347-7B7F-4EFB-992D-85E2C987A5F7}.Debug|Any CPU.Build.0 = Debug|Any CPU
		{61EBA347-7B7F-4EFB-992D-85E2C987A5F7}.Release|Any CPU.ActiveCfg = Release|Any CPU
		{61EBA347-7B7F-4EFB-992D-85E2C987A5F7}.Release|Any CPU.Build.0 = Release|Any CPU
		{A2D8B518-93FB-4F02-A561-80D9886E92A1}.Debug|Any CPU.ActiveCfg = Debug|Any CPU
		{A2D8B518-93FB-4F02-A561-80D9886E92A1}.Debug|Any CPU.Build.0 = Debug|Any CPU
		{A2D8B518-93FB-4F02-A561-80D9886E92A1}.Release|Any CPU.ActiveCfg = Release|Any CPU
		{A2D8B518-93FB-4F02-A561-80D9886E92A1}.Release|Any CPU.Build.0 = Release|Any CPU
	EndGlobalSection
	GlobalSection(SolutionProperties) = preSolution
		HideSolutionNode = FALSE
	EndGlobalSection
	GlobalSection(ExtensibilityGlobals) = postSolution
		SolutionGuid = {BCA9A5E6-761D-487E-B24B-884BA4E25899}
	EndGlobalSection
EndGlobal
