
Microsoft Visual Studio Solution File, Format Version 12.00
# Visual Studio Version 17
VisualStudioVersion = 17.3.32929.385
MinimumVisualStudioVersion = 10.0.40219.1
Project("{FAE04EC0-301F-11D3-BF4B-00C04F79EFBC}") = "Lab6to8", "Lab6to8\Lab6to8.csproj", "{5FD98A7E-74A7-4BAE-9302-DC9E14DFE53E}"
EndProject
Global
	GlobalSection(SolutionConfigurationPlatforms) = preSolution
		Debug|Any CPU = Debug|Any CPU
		Release|Any CPU = Release|Any CPU
	EndGlobalSection
	GlobalSection(ProjectConfigurationPlatforms) = postSolution
		{5FD98A7E-74A7-4BAE-9302-DC9E14DFE53E}.Debug|Any CPU.ActiveCfg = Debug|Any CPU
		{5FD98A7E-74A7-4BAE-9302-DC9E14DFE53E}.Debug|Any CPU.Build.0 = Debug|Any CPU
		{5FD98A7E-74A7-4BAE-9302-DC9E14DFE53E}.Release|Any CPU.ActiveCfg = Release|Any CPU
		{5FD98A7E-74A7-4BAE-9302-DC9E14DFE53E}.Release|Any CPU.Build.0 = Release|Any CPU
	EndGlobalSection
	GlobalSection(SolutionProperties) = preSolution
		HideSolutionNode = FALSE
	EndGlobalSection
	GlobalSection(ExtensibilityGlobals) = postSolution
		SolutionGuid = {64706D24-2D24-4B0B-84A4-21B66C037323}
	EndGlobalSection
EndGlobal
